
Microsoft Visual Studio Solution File, Format Version 12.00
# Visual Studio Version 16
VisualStudioVersion = 16.0.31205.134
MinimumVisualStudioVersion = 10.0.40219.1
Project("{FAE04EC0-301F-11D3-BF4B-00C04F79EFBC}") = "WhatDay7", "WhatDay7\WhatDay7.csproj", "{24612973-09B9-4CB3-9DF3-1A38515F987C}"
EndProject
Global
	GlobalSection(SolutionConfigurationPlatforms) = preSolution
		Debug|Any CPU = Debug|Any CPU
		Release|Any CPU = Release|Any CPU
	EndGlobalSection
	GlobalSection(ProjectConfigurationPlatforms) = postSolution
		{24612973-09B9-4CB3-9DF3-1A38515F987C}.Debug|Any CPU.ActiveCfg = Debug|Any CPU
		{24612973-09B9-4CB3-9DF3-1A38515F987C}.Debug|Any CPU.Build.0 = Debug|Any CPU
		{24612973-09B9-4CB3-9DF3-1A38515F987C}.Release|Any CPU.ActiveCfg = Release|Any CPU
		{24612973-09B9-4CB3-9DF3-1A38515F987C}.Release|Any CPU.Build.0 = Release|Any CPU
	EndGlobalSection
	GlobalSection(SolutionProperties) = preSolution
		HideSolutionNode = FALSE
	EndGlobalSection
	GlobalSection(ExtensibilityGlobals) = postSolution
		SolutionGuid = {EDFB8B21-6D87-454F-A030-0469FF401A76}
	EndGlobalSection
EndGlobal
