
Microsoft Visual Studio Solution File, Format Version 12.00
# Visual Studio Version 16
VisualStudioVersion = 16.0.31205.134
MinimumVisualStudioVersion = 10.0.40219.1
Project("{FAE04EC0-301F-11D3-BF4B-00C04F79EFBC}") = "Utility3", "Utility3\Utility3.csproj", "{4BA6BBF0-3E21-4A54-B78B-82D6BB136D25}"
EndProject
Global
	GlobalSection(SolutionConfigurationPlatforms) = preSolution
		Debug|Any CPU = Debug|Any CPU
		Release|Any CPU = Release|Any CPU
	EndGlobalSection
	GlobalSection(ProjectConfigurationPlatforms) = postSolution
		{4BA6BBF0-3E21-4A54-B78B-82D6BB136D25}.Debug|Any CPU.ActiveCfg = Debug|Any CPU
		{4BA6BBF0-3E21-4A54-B78B-82D6BB136D25}.Debug|Any CPU.Build.0 = Debug|Any CPU
		{4BA6BBF0-3E21-4A54-B78B-82D6BB136D25}.Release|Any CPU.ActiveCfg = Release|Any CPU
		{4BA6BBF0-3E21-4A54-B78B-82D6BB136D25}.Release|Any CPU.Build.0 = Release|Any CPU
	EndGlobalSection
	GlobalSection(SolutionProperties) = preSolution
		HideSolutionNode = FALSE
	EndGlobalSection
	GlobalSection(ExtensibilityGlobals) = postSolution
		SolutionGuid = {6BFDBF19-633C-45B7-AF1E-3F3AAA8E90C8}
	EndGlobalSection
EndGlobal
