
Microsoft Visual Studio Solution File, Format Version 12.00
# Visual Studio Version 16
VisualStudioVersion = 16.0.31205.134
MinimumVisualStudioVersion = 10.0.40219.1
Project("{FAE04EC0-301F-11D3-BF4B-00C04F79EFBC}") = "StructType", "StructType\StructType.csproj", "{BE068BF1-B0C1-498E-B210-7228091D059D}"
EndProject
Global
	GlobalSection(SolutionConfigurationPlatforms) = preSolution
		Debug|Any CPU = Debug|Any CPU
		Release|Any CPU = Release|Any CPU
	EndGlobalSection
	GlobalSection(ProjectConfigurationPlatforms) = postSolution
		{BE068BF1-B0C1-498E-B210-7228091D059D}.Debug|Any CPU.ActiveCfg = Debug|Any CPU
		{BE068BF1-B0C1-498E-B210-7228091D059D}.Debug|Any CPU.Build.0 = Debug|Any CPU
		{BE068BF1-B0C1-498E-B210-7228091D059D}.Release|Any CPU.ActiveCfg = Release|Any CPU
		{BE068BF1-B0C1-498E-B210-7228091D059D}.Release|Any CPU.Build.0 = Release|Any CPU
	EndGlobalSection
	GlobalSection(SolutionProperties) = preSolution
		HideSolutionNode = FALSE
	EndGlobalSection
	GlobalSection(ExtensibilityGlobals) = postSolution
		SolutionGuid = {70F8E989-4E2F-44C7-A8F7-E55273CFCB46}
	EndGlobalSection
EndGlobal
